// !$*UTF8*$!
{
	archiveVersion = 1;
	classes = {
	};
	objectVersion = 50;
	objects = {

/* Begin PBXBuildFile section */
		5507E11920C69A1E0065C9B7 /* rational_mult_div.cpp in Sources */ = {isa = PBXBuildFile; fileRef = 5507E11820C69A1E0065C9B7 /* rational_mult_div.cpp */; };
		5507E11B20C69B800065C9B7 /* rational_io.cpp in Sources */ = {isa = PBXBuildFile; fileRef = 5507E11A20C69B800065C9B7 /* rational_io.cpp */; };
		5507E11D20C724820065C9B7 /* rational_map.cpp in Sources */ = {isa = PBXBuildFile; fileRef = 5507E11C20C724820065C9B7 /* rational_map.cpp */; };
		5599565C20C4697900F3449C /* main.cpp in Sources */ = {isa = PBXBuildFile; fileRef = 5599565B20C4697900F3449C /* main.cpp */; };
		5599566820C46B2C00F3449C /* rational_interface.cpp in Sources */ = {isa = PBXBuildFile; fileRef = 5599566320C46B2C00F3449C /* rational_interface.cpp */; };
		5599566E20C48B2F00F3449C /* rational_eq_add_sub.cpp in Sources */ = {isa = PBXBuildFile; fileRef = 5599566D20C48B2F00F3449C /* rational_eq_add_sub.cpp */; };
/* End PBXBuildFile section */

/* Begin PBXCopyFilesBuildPhase section */
		5599565620C4697900F3449C /* CopyFiles */ = {
			isa = PBXCopyFilesBuildPhase;
			buildActionMask = 2147483647;
			dstPath = /usr/share/man/man1/;
			dstSubfolderSpec = 0;
			files = (
			);
			runOnlyForDeploymentPostprocessing = 1;
		};
/* End PBXCopyFilesBuildPhase section */

/* Begin PBXFileReference section */
		5507E11820C69A1E0065C9B7 /* rational_mult_div.cpp */ = {isa = PBXFileReference; fileEncoding = 4; lastKnownFileType = sourcecode.cpp.cpp; path = rational_mult_div.cpp; sourceTree = "<group>"; };
		5507E11A20C69B800065C9B7 /* rational_io.cpp */ = {isa = PBXFileReference; fileEncoding = 4; lastKnownFileType = sourcecode.cpp.cpp; path = rational_io.cpp; sourceTree = "<group>"; };
		5507E11C20C724820065C9B7 /* rational_map.cpp */ = {isa = PBXFileReference; fileEncoding = 4; lastKnownFileType = sourcecode.cpp.cpp; path = rational_map.cpp; sourceTree = "<group>"; };
		5599565820C4697900F3449C /* homeWorkClassRationalNumbers */ = {isa = PBXFileReference; explicitFileType = "compiled.mach-o.executable"; includeInIndex = 0; path = homeWorkClassRationalNumbers; sourceTree = BUILT_PRODUCTS_DIR; };
		5599565B20C4697900F3449C /* main.cpp */ = {isa = PBXFileReference; lastKnownFileType = sourcecode.cpp.cpp; path = main.cpp; sourceTree = "<group>"; };
		5599566220C469A300F3449C /* task.txt */ = {isa = PBXFileReference; lastKnownFileType = text; path = task.txt; sourceTree = "<group>"; };
		5599566320C46B2C00F3449C /* rational_interface.cpp */ = {isa = PBXFileReference; fileEncoding = 4; lastKnownFileType = sourcecode.cpp.cpp; path = rational_interface.cpp; sourceTree = "<group>"; };
		5599566D20C48B2F00F3449C /* rational_eq_add_sub.cpp */ = {isa = PBXFileReference; fileEncoding = 4; lastKnownFileType = sourcecode.cpp.cpp; path = rational_eq_add_sub.cpp; sourceTree = "<group>"; };
/* End PBXFileReference section */

/* Begin PBXFrameworksBuildPhase section */
		5599565520C4697900F3449C /* Frameworks */ = {
			isa = PBXFrameworksBuildPhase;
			buildActionMask = 2147483647;
			files = (
			);
			runOnlyForDeploymentPostprocessing = 0;
		};
/* End PBXFrameworksBuildPhase section */

/* Begin PBXGroup section */
		5599564F20C4697900F3449C = {
			isa = PBXGroup;
			children = (
				5599565A20C4697900F3449C /* homeWorkClassRationalNumbers */,
				5599565920C4697900F3449C /* Products */,
			);
			sourceTree = "<group>";
		};
		5599565920C4697900F3449C /* Products */ = {
			isa = PBXGroup;
			children = (
				5599565820C4697900F3449C /* homeWorkClassRationalNumbers */,
			);
			name = Products;
			sourceTree = "<group>";
		};
		5599565A20C4697900F3449C /* homeWorkClassRationalNumbers */ = {
			isa = PBXGroup;
			children = (
				5507E11C20C724820065C9B7 /* rational_map.cpp */,
				5507E11A20C69B800065C9B7 /* rational_io.cpp */,
				5507E11820C69A1E0065C9B7 /* rational_mult_div.cpp */,
				5599566D20C48B2F00F3449C /* rational_eq_add_sub.cpp */,
				5599566320C46B2C00F3449C /* rational_interface.cpp */,
				5599565B20C4697900F3449C /* main.cpp */,
				5599566220C469A300F3449C /* task.txt */,
			);
			path = homeWorkClassRationalNumbers;
			sourceTree = "<group>";
		};
/* End PBXGroup section */

/* Begin PBXNativeTarget section */
		5599565720C4697900F3449C /* homeWorkClassRationalNumbers */ = {
			isa = PBXNativeTarget;
			buildConfigurationList = 5599565F20C4697900F3449C /* Build configuration list for PBXNativeTarget "homeWorkClassRationalNumbers" */;
			buildPhases = (
				5599565420C4697900F3449C /* Sources */,
				5599565520C4697900F3449C /* Frameworks */,
				5599565620C4697900F3449C /* CopyFiles */,
			);
			buildRules = (
			);
			dependencies = (
			);
			name = homeWorkClassRationalNumbers;
			productName = homeWorkClassRationalNumbers;
			productReference = 5599565820C4697900F3449C /* homeWorkClassRationalNumbers */;
			productType = "com.apple.product-type.tool";
		};
/* End PBXNativeTarget section */

/* Begin PBXProject section */
		5599565020C4697900F3449C /* Project object */ = {
			isa = PBXProject;
			attributes = {
				LastUpgradeCheck = 0940;
				ORGANIZATIONNAME = "Andrey Kondratenko";
				TargetAttributes = {
					5599565720C4697900F3449C = {
						CreatedOnToolsVersion = 9.4;
					};
				};
			};
			buildConfigurationList = 5599565320C4697900F3449C /* Build configuration list for PBXProject "homeWorkClassRationalNumbers" */;
			compatibilityVersion = "Xcode 9.3";
			developmentRegion = en;
			hasScannedForEncodings = 0;
			knownRegions = (
				en,
			);
			mainGroup = 5599564F20C4697900F3449C;
			productRefGroup = 5599565920C4697900F3449C /* Products */;
			projectDirPath = "";
			projectRoot = "";
			targets = (
				5599565720C4697900F3449C /* homeWorkClassRationalNumbers */,
			);
		};
/* End PBXProject section */

/* Begin PBXSourcesBuildPhase section */
		5599565420C4697900F3449C /* Sources */ = {
			isa = PBXSourcesBuildPhase;
			buildActionMask = 2147483647;
			files = (
				5507E11D20C724820065C9B7 /* rational_map.cpp in Sources */,
				5507E11B20C69B800065C9B7 /* rational_io.cpp in Sources */,
				5599565C20C4697900F3449C /* main.cpp in Sources */,
				5599566820C46B2C00F3449C /* rational_interface.cpp in Sources */,
				5599566E20C48B2F00F3449C /* rational_eq_add_sub.cpp in Sources */,
				5507E11920C69A1E0065C9B7 /* rational_mult_div.cpp in Sources */,
			);
			runOnlyForDeploymentPostprocessing = 0;
		};
/* End PBXSourcesBuildPhase section */

/* Begin XCBuildConfiguration section */
		5599565D20C4697900F3449C /* Debug */ = {
			isa = XCBuildConfiguration;
			buildSettings = {
				ALWAYS_SEARCH_USER_PATHS = NO;
				CLANG_ANALYZER_NONNULL = YES;
				CLANG_ANALYZER_NUMBER_OBJECT_CONVERSION = YES_AGGRESSIVE;
				CLANG_CXX_LANGUAGE_STANDARD = "gnu++14";
				CLANG_CXX_LIBRARY = "libc++";
				CLANG_ENABLE_MODULES = YES;
				CLANG_ENABLE_OBJC_ARC = YES;
				CLANG_ENABLE_OBJC_WEAK = YES;
				CLANG_WARN_BLOCK_CAPTURE_AUTORELEASING = YES;
				CLANG_WARN_BOOL_CONVERSION = YES;
				CLANG_WARN_COMMA = YES;
				CLANG_WARN_CONSTANT_CONVERSION = YES;
				CLANG_WARN_DEPRECATED_OBJC_IMPLEMENTATIONS = YES;
				CLANG_WARN_DIRECT_OBJC_ISA_USAGE = YES_ERROR;
				CLANG_WARN_DOCUMENTATION_COMMENTS = YES;
				CLANG_WARN_EMPTY_BODY = YES;
				CLANG_WARN_ENUM_CONVERSION = YES;
				CLANG_WARN_INFINITE_RECURSION = YES;
				CLANG_WARN_INT_CONVERSION = YES;
				CLANG_WARN_NON_LITERAL_NULL_CONVERSION = YES;
				CLANG_WARN_OBJC_IMPLICIT_RETAIN_SELF = YES;
				CLANG_WARN_OBJC_LITERAL_CONVERSION = YES;
				CLANG_WARN_OBJC_ROOT_CLASS = YES_ERROR;
				CLANG_WARN_RANGE_LOOP_ANALYSIS = YES;
				CLANG_WARN_STRICT_PROTOTYPES = YES;
				CLANG_WARN_SUSPICIOUS_MOVE = YES;
				CLANG_WARN_UNGUARDED_AVAILABILITY = YES_AGGRESSIVE;
				CLANG_WARN_UNREACHABLE_CODE = YES;
				CLANG_WARN__DUPLICATE_METHOD_MATCH = YES;
				CODE_SIGN_IDENTITY = "-";
				COPY_PHASE_STRIP = NO;
				DEBUG_INFORMATION_FORMAT = dwarf;
				ENABLE_STRICT_OBJC_MSGSEND = YES;
				ENABLE_TESTABILITY = YES;
				GCC_C_LANGUAGE_STANDARD = gnu11;
				GCC_DYNAMIC_NO_PIC = NO;
				GCC_NO_COMMON_BLOCKS = YES;
				GCC_OPTIMIZATION_LEVEL = 0;
				GCC_PREPROCESSOR_DEFINITIONS = (
					"DEBUG=1",
					"$(inherited)",
				);
				GCC_WARN_64_TO_32_BIT_CONVERSION = YES;
				GCC_WARN_ABOUT_RETURN_TYPE = YES_ERROR;
				GCC_WARN_UNDECLARED_SELECTOR = YES;
				GCC_WARN_UNINITIALIZED_AUTOS = YES_AGGRESSIVE;
				GCC_WARN_UNUSED_FUNCTION = YES;
				GCC_WARN_UNUSED_VARIABLE = YES;
				MACOSX_DEPLOYMENT_TARGET = 10.13;
				MTL_ENABLE_DEBUG_INFO = YES;
				ONLY_ACTIVE_ARCH = YES;
				SDKROOT = macosx;
			};
			name = Debug;
		};
		5599565E20C4697900F3449C /* Release */ = {
			isa = XCBuildConfiguration;
			buildSettings = {
				ALWAYS_SEARCH_USER_PATHS = NO;
				CLANG_ANALYZER_NONNULL = YES;
				CLANG_ANALYZER_NUMBER_OBJECT_CONVERSION = YES_AGGRESSIVE;
				CLANG_CXX_LANGUAGE_STANDARD = "gnu++14";
				CLANG_CXX_LIBRARY = "libc++";
				CLANG_ENABLE_MODULES = YES;
				CLANG_ENABLE_OBJC_ARC = YES;
				CLANG_ENABLE_OBJC_WEAK = YES;
				CLANG_WARN_BLOCK_CAPTURE_AUTORELEASING = YES;
				CLANG_WARN_BOOL_CONVERSION = YES;
				CLANG_WARN_COMMA = YES;
				CLANG_WARN_CONSTANT_CONVERSION = YES;
				CLANG_WARN_DEPRECATED_OBJC_IMPLEMENTATIONS = YES;
				CLANG_WARN_DIRECT_OBJC_ISA_USAGE = YES_ERROR;
				CLANG_WARN_DOCUMENTATION_COMMENTS = YES;
				CLANG_WARN_EMPTY_BODY = YES;
				CLANG_WARN_ENUM_CONVERSION = YES;
				CLANG_WARN_INFINITE_RECURSION = YES;
				CLANG_WARN_INT_CONVERSION = YES;
				CLANG_WARN_NON_LITERAL_NULL_CONVERSION = YES;
				CLANG_WARN_OBJC_IMPLICIT_RETAIN_SELF = YES;
				CLANG_WARN_OBJC_LITERAL_CONVERSION = YES;
				CLANG_WARN_OBJC_ROOT_CLASS = YES_ERROR;
				CLANG_WARN_RANGE_LOOP_ANALYSIS = YES;
				CLANG_WARN_STRICT_PROTOTYPES = YES;
				CLANG_WARN_SUSPICIOUS_MOVE = YES;
				CLANG_WARN_UNGUARDED_AVAILABILITY = YES_AGGRESSIVE;
				CLANG_WARN_UNREACHABLE_CODE = YES;
				CLANG_WARN__DUPLICATE_METHOD_MATCH = YES;
				CODE_SIGN_IDENTITY = "-";
				COPY_PHASE_STRIP = NO;
				DEBUG_INFORMATION_FORMAT = "dwarf-with-dsym";
				ENABLE_NS_ASSERTIONS = NO;
				ENABLE_STRICT_OBJC_MSGSEND = YES;
				GCC_C_LANGUAGE_STANDARD = gnu11;
				GCC_NO_COMMON_BLOCKS = YES;
				GCC_WARN_64_TO_32_BIT_CONVERSION = YES;
				GCC_WARN_ABOUT_RETURN_TYPE = YES_ERROR;
				GCC_WARN_UNDECLARED_SELECTOR = YES;
				GCC_WARN_UNINITIALIZED_AUTOS = YES_AGGRESSIVE;
				GCC_WARN_UNUSED_FUNCTION = YES;
				GCC_WARN_UNUSED_VARIABLE = YES;
				MACOSX_DEPLOYMENT_TARGET = 10.13;
				MTL_ENABLE_DEBUG_INFO = NO;
				SDKROOT = macosx;
			};
			name = Release;
		};
		5599566020C4697900F3449C /* Debug */ = {
			isa = XCBuildConfiguration;
			buildSettings = {
				CODE_SIGN_STYLE = Automatic;
				PRODUCT_NAME = "$(TARGET_NAME)";
			};
			name = Debug;
		};
		5599566120C4697900F3449C /* Release */ = {
			isa = XCBuildConfiguration;
			buildSettings = {
				CODE_SIGN_STYLE = Automatic;
				PRODUCT_NAME = "$(TARGET_NAME)";
			};
			name = Release;
		};
/* End XCBuildConfiguration section */

/* Begin XCConfigurationList section */
		5599565320C4697900F3449C /* Build configuration list for PBXProject "homeWorkClassRationalNumbers" */ = {
			isa = XCConfigurationList;
			buildConfigurations = (
				5599565D20C4697900F3449C /* Debug */,
				5599565E20C4697900F3449C /* Release */,
			);
			defaultConfigurationIsVisible = 0;
			defaultConfigurationName = Release;
		};
		5599565F20C4697900F3449C /* Build configuration list for PBXNativeTarget "homeWorkClassRationalNumbers" */ = {
			isa = XCConfigurationList;
			buildConfigurations = (
				5599566020C4697900F3449C /* Debug */,
				5599566120C4697900F3449C /* Release */,
			);
			defaultConfigurationIsVisible = 0;
			defaultConfigurationName = Release;
		};
/* End XCConfigurationList section */
	};
	rootObject = 5599565020C4697900F3449C /* Project object */;
}
