// !$*UTF8*$!
{
	archiveVersion = 1;
	classes = {
	};
	objectVersion = 46;
	objects = {

/* Begin PBXBuildFile section */
		552B82CF1EF47E4C003B6FBA /* AKViewCell.m in Sources */ = {isa = PBXBuildFile; fileRef = 552B82CE1EF47E4C003B6FBA /* AKViewCell.m */; };
		5571E62D1EF32834004FF4A2 /* main.m in Sources */ = {isa = PBXBuildFile; fileRef = 5571E62C1EF32834004FF4A2 /* main.m */; };
		5571E6301EF32834004FF4A2 /* AppDelegate.m in Sources */ = {isa = PBXBuildFile; fileRef = 5571E62F1EF32834004FF4A2 /* AppDelegate.m */; };
		5571E6331EF32834004FF4A2 /* ViewController.m in Sources */ = {isa = PBXBuildFile; fileRef = 5571E6321EF32834004FF4A2 /* ViewController.m */; };
		5571E6361EF32834004FF4A2 /* Main.storyboard in Resources */ = {isa = PBXBuildFile; fileRef = 5571E6341EF32834004FF4A2 /* Main.storyboard */; };
		5571E6381EF32834004FF4A2 /* Assets.xcassets in Resources */ = {isa = PBXBuildFile; fileRef = 5571E6371EF32834004FF4A2 /* Assets.xcassets */; };
		5571E63B1EF32834004FF4A2 /* LaunchScreen.storyboard in Resources */ = {isa = PBXBuildFile; fileRef = 5571E6391EF32834004FF4A2 /* LaunchScreen.storyboard */; };
		5571E6461EF32834004FF4A2 /* HomeWorkLesson22_TouchesTests.m in Sources */ = {isa = PBXBuildFile; fileRef = 5571E6451EF32834004FF4A2 /* HomeWorkLesson22_TouchesTests.m */; };
		5571E6511EF32835004FF4A2 /* HomeWorkLesson22_TouchesUITests.m in Sources */ = {isa = PBXBuildFile; fileRef = 5571E6501EF32835004FF4A2 /* HomeWorkLesson22_TouchesUITests.m */; };
/* End PBXBuildFile section */

/* Begin PBXContainerItemProxy section */
		5571E6421EF32834004FF4A2 /* PBXContainerItemProxy */ = {
			isa = PBXContainerItemProxy;
			containerPortal = 5571E6201EF32833004FF4A2 /* Project object */;
			proxyType = 1;
			remoteGlobalIDString = 5571E6271EF32833004FF4A2;
			remoteInfo = HomeWorkLesson22_Touches;
		};
		5571E64D1EF32835004FF4A2 /* PBXContainerItemProxy */ = {
			isa = PBXContainerItemProxy;
			containerPortal = 5571E6201EF32833004FF4A2 /* Project object */;
			proxyType = 1;
			remoteGlobalIDString = 5571E6271EF32833004FF4A2;
			remoteInfo = HomeWorkLesson22_Touches;
		};
/* End PBXContainerItemProxy section */

/* Begin PBXFileReference section */
		552B82CD1EF47E4C003B6FBA /* AKViewCell.h */ = {isa = PBXFileReference; fileEncoding = 4; lastKnownFileType = sourcecode.c.h; path = AKViewCell.h; sourceTree = "<group>"; };
		552B82CE1EF47E4C003B6FBA /* AKViewCell.m */ = {isa = PBXFileReference; fileEncoding = 4; lastKnownFileType = sourcecode.c.objc; path = AKViewCell.m; sourceTree = "<group>"; };
		5571E6281EF32833004FF4A2 /* HomeWorkLesson22_Touches.app */ = {isa = PBXFileReference; explicitFileType = wrapper.application; includeInIndex = 0; path = HomeWorkLesson22_Touches.app; sourceTree = BUILT_PRODUCTS_DIR; };
		5571E62C1EF32834004FF4A2 /* main.m */ = {isa = PBXFileReference; lastKnownFileType = sourcecode.c.objc; path = main.m; sourceTree = "<group>"; };
		5571E62E1EF32834004FF4A2 /* AppDelegate.h */ = {isa = PBXFileReference; lastKnownFileType = sourcecode.c.h; path = AppDelegate.h; sourceTree = "<group>"; };
		5571E62F1EF32834004FF4A2 /* AppDelegate.m */ = {isa = PBXFileReference; lastKnownFileType = sourcecode.c.objc; path = AppDelegate.m; sourceTree = "<group>"; };
		5571E6311EF32834004FF4A2 /* ViewController.h */ = {isa = PBXFileReference; lastKnownFileType = sourcecode.c.h; path = ViewController.h; sourceTree = "<group>"; };
		5571E6321EF32834004FF4A2 /* ViewController.m */ = {isa = PBXFileReference; lastKnownFileType = sourcecode.c.objc; path = ViewController.m; sourceTree = "<group>"; };
		5571E6351EF32834004FF4A2 /* Base */ = {isa = PBXFileReference; lastKnownFileType = file.storyboard; name = Base; path = Base.lproj/Main.storyboard; sourceTree = "<group>"; };
		5571E6371EF32834004FF4A2 /* Assets.xcassets */ = {isa = PBXFileReference; lastKnownFileType = folder.assetcatalog; path = Assets.xcassets; sourceTree = "<group>"; };
		5571E63A1EF32834004FF4A2 /* Base */ = {isa = PBXFileReference; lastKnownFileType = file.storyboard; name = Base; path = Base.lproj/LaunchScreen.storyboard; sourceTree = "<group>"; };
		5571E63C1EF32834004FF4A2 /* Info.plist */ = {isa = PBXFileReference; lastKnownFileType = text.plist.xml; path = Info.plist; sourceTree = "<group>"; };
		5571E6411EF32834004FF4A2 /* HomeWorkLesson22_TouchesTests.xctest */ = {isa = PBXFileReference; explicitFileType = wrapper.cfbundle; includeInIndex = 0; path = HomeWorkLesson22_TouchesTests.xctest; sourceTree = BUILT_PRODUCTS_DIR; };
		5571E6451EF32834004FF4A2 /* HomeWorkLesson22_TouchesTests.m */ = {isa = PBXFileReference; lastKnownFileType = sourcecode.c.objc; path = HomeWorkLesson22_TouchesTests.m; sourceTree = "<group>"; };
		5571E6471EF32835004FF4A2 /* Info.plist */ = {isa = PBXFileReference; lastKnownFileType = text.plist.xml; path = Info.plist; sourceTree = "<group>"; };
		5571E64C1EF32835004FF4A2 /* HomeWorkLesson22_TouchesUITests.xctest */ = {isa = PBXFileReference; explicitFileType = wrapper.cfbundle; includeInIndex = 0; path = HomeWorkLesson22_TouchesUITests.xctest; sourceTree = BUILT_PRODUCTS_DIR; };
		5571E6501EF32835004FF4A2 /* HomeWorkLesson22_TouchesUITests.m */ = {isa = PBXFileReference; lastKnownFileType = sourcecode.c.objc; path = HomeWorkLesson22_TouchesUITests.m; sourceTree = "<group>"; };
		5571E6521EF32835004FF4A2 /* Info.plist */ = {isa = PBXFileReference; lastKnownFileType = text.plist.xml; path = Info.plist; sourceTree = "<group>"; };
/* End PBXFileReference section */

/* Begin PBXFrameworksBuildPhase section */
		5571E6251EF32833004FF4A2 /* Frameworks */ = {
			isa = PBXFrameworksBuildPhase;
			buildActionMask = 2147483647;
			files = (
			);
			runOnlyForDeploymentPostprocessing = 0;
		};
		5571E63E1EF32834004FF4A2 /* Frameworks */ = {
			isa = PBXFrameworksBuildPhase;
			buildActionMask = 2147483647;
			files = (
			);
			runOnlyForDeploymentPostprocessing = 0;
		};
		5571E6491EF32835004FF4A2 /* Frameworks */ = {
			isa = PBXFrameworksBuildPhase;
			buildActionMask = 2147483647;
			files = (
			);
			runOnlyForDeploymentPostprocessing = 0;
		};
/* End PBXFrameworksBuildPhase section */

/* Begin PBXGroup section */
		5571E61F1EF32833004FF4A2 = {
			isa = PBXGroup;
			children = (
				5571E62A1EF32834004FF4A2 /* HomeWorkLesson22_Touches */,
				5571E6441EF32834004FF4A2 /* HomeWorkLesson22_TouchesTests */,
				5571E64F1EF32835004FF4A2 /* HomeWorkLesson22_TouchesUITests */,
				5571E6291EF32834004FF4A2 /* Products */,
			);
			sourceTree = "<group>";
		};
		5571E6291EF32834004FF4A2 /* Products */ = {
			isa = PBXGroup;
			children = (
				5571E6281EF32833004FF4A2 /* HomeWorkLesson22_Touches.app */,
				5571E6411EF32834004FF4A2 /* HomeWorkLesson22_TouchesTests.xctest */,
				5571E64C1EF32835004FF4A2 /* HomeWorkLesson22_TouchesUITests.xctest */,
			);
			name = Products;
			sourceTree = "<group>";
		};
		5571E62A1EF32834004FF4A2 /* HomeWorkLesson22_Touches */ = {
			isa = PBXGroup;
			children = (
				552B82CD1EF47E4C003B6FBA /* AKViewCell.h */,
				552B82CE1EF47E4C003B6FBA /* AKViewCell.m */,
				5571E62E1EF32834004FF4A2 /* AppDelegate.h */,
				5571E62F1EF32834004FF4A2 /* AppDelegate.m */,
				5571E6311EF32834004FF4A2 /* ViewController.h */,
				5571E6321EF32834004FF4A2 /* ViewController.m */,
				5571E6341EF32834004FF4A2 /* Main.storyboard */,
				5571E6371EF32834004FF4A2 /* Assets.xcassets */,
				5571E6391EF32834004FF4A2 /* LaunchScreen.storyboard */,
				5571E63C1EF32834004FF4A2 /* Info.plist */,
				5571E62B1EF32834004FF4A2 /* Supporting Files */,
			);
			path = HomeWorkLesson22_Touches;
			sourceTree = "<group>";
		};
		5571E62B1EF32834004FF4A2 /* Supporting Files */ = {
			isa = PBXGroup;
			children = (
				5571E62C1EF32834004FF4A2 /* main.m */,
			);
			name = "Supporting Files";
			sourceTree = "<group>";
		};
		5571E6441EF32834004FF4A2 /* HomeWorkLesson22_TouchesTests */ = {
			isa = PBXGroup;
			children = (
				5571E6451EF32834004FF4A2 /* HomeWorkLesson22_TouchesTests.m */,
				5571E6471EF32835004FF4A2 /* Info.plist */,
			);
			path = HomeWorkLesson22_TouchesTests;
			sourceTree = "<group>";
		};
		5571E64F1EF32835004FF4A2 /* HomeWorkLesson22_TouchesUITests */ = {
			isa = PBXGroup;
			children = (
				5571E6501EF32835004FF4A2 /* HomeWorkLesson22_TouchesUITests.m */,
				5571E6521EF32835004FF4A2 /* Info.plist */,
			);
			path = HomeWorkLesson22_TouchesUITests;
			sourceTree = "<group>";
		};
/* End PBXGroup section */

/* Begin PBXNativeTarget section */
		5571E6271EF32833004FF4A2 /* HomeWorkLesson22_Touches */ = {
			isa = PBXNativeTarget;
			buildConfigurationList = 5571E6551EF32835004FF4A2 /* Build configuration list for PBXNativeTarget "HomeWorkLesson22_Touches" */;
			buildPhases = (
				5571E6241EF32833004FF4A2 /* Sources */,
				5571E6251EF32833004FF4A2 /* Frameworks */,
				5571E6261EF32833004FF4A2 /* Resources */,
			);
			buildRules = (
			);
			dependencies = (
			);
			name = HomeWorkLesson22_Touches;
			productName = HomeWorkLesson22_Touches;
			productReference = 5571E6281EF32833004FF4A2 /* HomeWorkLesson22_Touches.app */;
			productType = "com.apple.product-type.application";
		};
		5571E6401EF32834004FF4A2 /* HomeWorkLesson22_TouchesTests */ = {
			isa = PBXNativeTarget;
			buildConfigurationList = 5571E6581EF32835004FF4A2 /* Build configuration list for PBXNativeTarget "HomeWorkLesson22_TouchesTests" */;
			buildPhases = (
				5571E63D1EF32834004FF4A2 /* Sources */,
				5571E63E1EF32834004FF4A2 /* Frameworks */,
				5571E63F1EF32834004FF4A2 /* Resources */,
			);
			buildRules = (
			);
			dependencies = (
				5571E6431EF32834004FF4A2 /* PBXTargetDependency */,
			);
			name = HomeWorkLesson22_TouchesTests;
			productName = HomeWorkLesson22_TouchesTests;
			productReference = 5571E6411EF32834004FF4A2 /* HomeWorkLesson22_TouchesTests.xctest */;
			productType = "com.apple.product-type.bundle.unit-test";
		};
		5571E64B1EF32835004FF4A2 /* HomeWorkLesson22_TouchesUITests */ = {
			isa = PBXNativeTarget;
			buildConfigurationList = 5571E65B1EF32835004FF4A2 /* Build configuration list for PBXNativeTarget "HomeWorkLesson22_TouchesUITests" */;
			buildPhases = (
				5571E6481EF32835004FF4A2 /* Sources */,
				5571E6491EF32835004FF4A2 /* Frameworks */,
				5571E64A1EF32835004FF4A2 /* Resources */,
			);
			buildRules = (
			);
			dependencies = (
				5571E64E1EF32835004FF4A2 /* PBXTargetDependency */,
			);
			name = HomeWorkLesson22_TouchesUITests;
			productName = HomeWorkLesson22_TouchesUITests;
			productReference = 5571E64C1EF32835004FF4A2 /* HomeWorkLesson22_TouchesUITests.xctest */;
			productType = "com.apple.product-type.bundle.ui-testing";
		};
/* End PBXNativeTarget section */

/* Begin PBXProject section */
		5571E6201EF32833004FF4A2 /* Project object */ = {
			isa = PBXProject;
			attributes = {
				LastUpgradeCheck = 0830;
				ORGANIZATIONNAME = "Andrey Kondratenko";
				TargetAttributes = {
					5571E6271EF32833004FF4A2 = {
						CreatedOnToolsVersion = 8.3.2;
						DevelopmentTeam = RGVZCD3XQT;
						ProvisioningStyle = Automatic;
					};
					5571E6401EF32834004FF4A2 = {
						CreatedOnToolsVersion = 8.3.2;
						DevelopmentTeam = RGVZCD3XQT;
						ProvisioningStyle = Automatic;
						TestTargetID = 5571E6271EF32833004FF4A2;
					};
					5571E64B1EF32835004FF4A2 = {
						CreatedOnToolsVersion = 8.3.2;
						DevelopmentTeam = RGVZCD3XQT;
						ProvisioningStyle = Automatic;
						TestTargetID = 5571E6271EF32833004FF4A2;
					};
				};
			};
			buildConfigurationList = 5571E6231EF32833004FF4A2 /* Build configuration list for PBXProject "HomeWorkLesson22_Touches" */;
			compatibilityVersion = "Xcode 3.2";
			developmentRegion = English;
			hasScannedForEncodings = 0;
			knownRegions = (
				en,
				Base,
			);
			mainGroup = 5571E61F1EF32833004FF4A2;
			productRefGroup = 5571E6291EF32834004FF4A2 /* Products */;
			projectDirPath = "";
			projectRoot = "";
			targets = (
				5571E6271EF32833004FF4A2 /* HomeWorkLesson22_Touches */,
				5571E6401EF32834004FF4A2 /* HomeWorkLesson22_TouchesTests */,
				5571E64B1EF32835004FF4A2 /* HomeWorkLesson22_TouchesUITests */,
			);
		};
/* End PBXProject section */

/* Begin PBXResourcesBuildPhase section */
		5571E6261EF32833004FF4A2 /* Resources */ = {
			isa = PBXResourcesBuildPhase;
			buildActionMask = 2147483647;
			files = (
				5571E63B1EF32834004FF4A2 /* LaunchScreen.storyboard in Resources */,
				5571E6381EF32834004FF4A2 /* Assets.xcassets in Resources */,
				5571E6361EF32834004FF4A2 /* Main.storyboard in Resources */,
			);
			runOnlyForDeploymentPostprocessing = 0;
		};
		5571E63F1EF32834004FF4A2 /* Resources */ = {
			isa = PBXResourcesBuildPhase;
			buildActionMask = 2147483647;
			files = (
			);
			runOnlyForDeploymentPostprocessing = 0;
		};
		5571E64A1EF32835004FF4A2 /* Resources */ = {
			isa = PBXResourcesBuildPhase;
			buildActionMask = 2147483647;
			files = (
			);
			runOnlyForDeploymentPostprocessing = 0;
		};
/* End PBXResourcesBuildPhase section */

/* Begin PBXSourcesBuildPhase section */
		5571E6241EF32833004FF4A2 /* Sources */ = {
			isa = PBXSourcesBuildPhase;
			buildActionMask = 2147483647;
			files = (
				5571E6331EF32834004FF4A2 /* ViewController.m in Sources */,
				5571E6301EF32834004FF4A2 /* AppDelegate.m in Sources */,
				552B82CF1EF47E4C003B6FBA /* AKViewCell.m in Sources */,
				5571E62D1EF32834004FF4A2 /* main.m in Sources */,
			);
			runOnlyForDeploymentPostprocessing = 0;
		};
		5571E63D1EF32834004FF4A2 /* Sources */ = {
			isa = PBXSourcesBuildPhase;
			buildActionMask = 2147483647;
			files = (
				5571E6461EF32834004FF4A2 /* HomeWorkLesson22_TouchesTests.m in Sources */,
			);
			runOnlyForDeploymentPostprocessing = 0;
		};
		5571E6481EF32835004FF4A2 /* Sources */ = {
			isa = PBXSourcesBuildPhase;
			buildActionMask = 2147483647;
			files = (
				5571E6511EF32835004FF4A2 /* HomeWorkLesson22_TouchesUITests.m in Sources */,
			);
			runOnlyForDeploymentPostprocessing = 0;
		};
/* End PBXSourcesBuildPhase section */

/* Begin PBXTargetDependency section */
		5571E6431EF32834004FF4A2 /* PBXTargetDependency */ = {
			isa = PBXTargetDependency;
			target = 5571E6271EF32833004FF4A2 /* HomeWorkLesson22_Touches */;
			targetProxy = 5571E6421EF32834004FF4A2 /* PBXContainerItemProxy */;
		};
		5571E64E1EF32835004FF4A2 /* PBXTargetDependency */ = {
			isa = PBXTargetDependency;
			target = 5571E6271EF32833004FF4A2 /* HomeWorkLesson22_Touches */;
			targetProxy = 5571E64D1EF32835004FF4A2 /* PBXContainerItemProxy */;
		};
/* End PBXTargetDependency section */

/* Begin PBXVariantGroup section */
		5571E6341EF32834004FF4A2 /* Main.storyboard */ = {
			isa = PBXVariantGroup;
			children = (
				5571E6351EF32834004FF4A2 /* Base */,
			);
			name = Main.storyboard;
			sourceTree = "<group>";
		};
		5571E6391EF32834004FF4A2 /* LaunchScreen.storyboard */ = {
			isa = PBXVariantGroup;
			children = (
				5571E63A1EF32834004FF4A2 /* Base */,
			);
			name = LaunchScreen.storyboard;
			sourceTree = "<group>";
		};
/* End PBXVariantGroup section */

/* Begin XCBuildConfiguration section */
		5571E6531EF32835004FF4A2 /* Debug */ = {
			isa = XCBuildConfiguration;
			buildSettings = {
				ALWAYS_SEARCH_USER_PATHS = NO;
				CLANG_ANALYZER_NONNULL = YES;
				CLANG_ANALYZER_NUMBER_OBJECT_CONVERSION = YES_AGGRESSIVE;
				CLANG_CXX_LANGUAGE_STANDARD = "gnu++0x";
				CLANG_CXX_LIBRARY = "libc++";
				CLANG_ENABLE_MODULES = YES;
				CLANG_ENABLE_OBJC_ARC = YES;
				CLANG_WARN_BOOL_CONVERSION = YES;
				CLANG_WARN_CONSTANT_CONVERSION = YES;
				CLANG_WARN_DIRECT_OBJC_ISA_USAGE = YES_ERROR;
				CLANG_WARN_DOCUMENTATION_COMMENTS = YES;
				CLANG_WARN_EMPTY_BODY = YES;
				CLANG_WARN_ENUM_CONVERSION = YES;
				CLANG_WARN_INFINITE_RECURSION = YES;
				CLANG_WARN_INT_CONVERSION = YES;
				CLANG_WARN_OBJC_ROOT_CLASS = YES_ERROR;
				CLANG_WARN_SUSPICIOUS_MOVE = YES;
				CLANG_WARN_UNREACHABLE_CODE = YES;
				CLANG_WARN__DUPLICATE_METHOD_MATCH = YES;
				"CODE_SIGN_IDENTITY[sdk=iphoneos*]" = "iPhone Developer";
				COPY_PHASE_STRIP = NO;
				DEBUG_INFORMATION_FORMAT = dwarf;
				ENABLE_STRICT_OBJC_MSGSEND = YES;
				ENABLE_TESTABILITY = YES;
				GCC_C_LANGUAGE_STANDARD = gnu99;
				GCC_DYNAMIC_NO_PIC = NO;
				GCC_NO_COMMON_BLOCKS = YES;
				GCC_OPTIMIZATION_LEVEL = 0;
				GCC_PREPROCESSOR_DEFINITIONS = (
					"DEBUG=1",
					"$(inherited)",
				);
				GCC_WARN_64_TO_32_BIT_CONVERSION = YES;
				GCC_WARN_ABOUT_RETURN_TYPE = YES_ERROR;
				GCC_WARN_UNDECLARED_SELECTOR = YES;
				GCC_WARN_UNINITIALIZED_AUTOS = YES_AGGRESSIVE;
				GCC_WARN_UNUSED_FUNCTION = YES;
				GCC_WARN_UNUSED_VARIABLE = YES;
				IPHONEOS_DEPLOYMENT_TARGET = 10.3;
				MTL_ENABLE_DEBUG_INFO = YES;
				ONLY_ACTIVE_ARCH = YES;
				SDKROOT = iphoneos;
				TARGETED_DEVICE_FAMILY = "1,2";
			};
			name = Debug;
		};
		5571E6541EF32835004FF4A2 /* Release */ = {
			isa = XCBuildConfiguration;
			buildSettings = {
				ALWAYS_SEARCH_USER_PATHS = NO;
				CLANG_ANALYZER_NONNULL = YES;
				CLANG_ANALYZER_NUMBER_OBJECT_CONVERSION = YES_AGGRESSIVE;
				CLANG_CXX_LANGUAGE_STANDARD = "gnu++0x";
				CLANG_CXX_LIBRARY = "libc++";
				CLANG_ENABLE_MODULES = YES;
				CLANG_ENABLE_OBJC_ARC = YES;
				CLANG_WARN_BOOL_CONVERSION = YES;
				CLANG_WARN_CONSTANT_CONVERSION = YES;
				CLANG_WARN_DIRECT_OBJC_ISA_USAGE = YES_ERROR;
				CLANG_WARN_DOCUMENTATION_COMMENTS = YES;
				CLANG_WARN_EMPTY_BODY = YES;
				CLANG_WARN_ENUM_CONVERSION = YES;
				CLANG_WARN_INFINITE_RECURSION = YES;
				CLANG_WARN_INT_CONVERSION = YES;
				CLANG_WARN_OBJC_ROOT_CLASS = YES_ERROR;
				CLANG_WARN_SUSPICIOUS_MOVE = YES;
				CLANG_WARN_UNREACHABLE_CODE = YES;
				CLANG_WARN__DUPLICATE_METHOD_MATCH = YES;
				"CODE_SIGN_IDENTITY[sdk=iphoneos*]" = "iPhone Developer";
				COPY_PHASE_STRIP = NO;
				DEBUG_INFORMATION_FORMAT = "dwarf-with-dsym";
				ENABLE_NS_ASSERTIONS = NO;
				ENABLE_STRICT_OBJC_MSGSEND = YES;
				GCC_C_LANGUAGE_STANDARD = gnu99;
				GCC_NO_COMMON_BLOCKS = YES;
				GCC_WARN_64_TO_32_BIT_CONVERSION = YES;
				GCC_WARN_ABOUT_RETURN_TYPE = YES_ERROR;
				GCC_WARN_UNDECLARED_SELECTOR = YES;
				GCC_WARN_UNINITIALIZED_AUTOS = YES_AGGRESSIVE;
				GCC_WARN_UNUSED_FUNCTION = YES;
				GCC_WARN_UNUSED_VARIABLE = YES;
				IPHONEOS_DEPLOYMENT_TARGET = 10.3;
				MTL_ENABLE_DEBUG_INFO = NO;
				SDKROOT = iphoneos;
				TARGETED_DEVICE_FAMILY = "1,2";
				VALIDATE_PRODUCT = YES;
			};
			name = Release;
		};
		5571E6561EF32835004FF4A2 /* Debug */ = {
			isa = XCBuildConfiguration;
			buildSettings = {
				ASSETCATALOG_COMPILER_APPICON_NAME = AppIcon;
				DEVELOPMENT_TEAM = RGVZCD3XQT;
				INFOPLIST_FILE = HomeWorkLesson22_Touches/Info.plist;
				LD_RUNPATH_SEARCH_PATHS = "$(inherited) @executable_path/Frameworks";
				PRODUCT_BUNDLE_IDENTIFIER = "com.AndreyKondratenko.HomeWorkLesson22-Touches";
				PRODUCT_NAME = "$(TARGET_NAME)";
			};
			name = Debug;
		};
		5571E6571EF32835004FF4A2 /* Release */ = {
			isa = XCBuildConfiguration;
			buildSettings = {
				ASSETCATALOG_COMPILER_APPICON_NAME = AppIcon;
				DEVELOPMENT_TEAM = RGVZCD3XQT;
				INFOPLIST_FILE = HomeWorkLesson22_Touches/Info.plist;
				LD_RUNPATH_SEARCH_PATHS = "$(inherited) @executable_path/Frameworks";
				PRODUCT_BUNDLE_IDENTIFIER = "com.AndreyKondratenko.HomeWorkLesson22-Touches";
				PRODUCT_NAME = "$(TARGET_NAME)";
			};
			name = Release;
		};
		5571E6591EF32835004FF4A2 /* Debug */ = {
			isa = XCBuildConfiguration;
			buildSettings = {
				BUNDLE_LOADER = "$(TEST_HOST)";
				DEVELOPMENT_TEAM = RGVZCD3XQT;
				INFOPLIST_FILE = HomeWorkLesson22_TouchesTests/Info.plist;
				LD_RUNPATH_SEARCH_PATHS = "$(inherited) @executable_path/Frameworks @loader_path/Frameworks";
				PRODUCT_BUNDLE_IDENTIFIER = "com.AndreyKondratenko.HomeWorkLesson22-TouchesTests";
				PRODUCT_NAME = "$(TARGET_NAME)";
				TEST_HOST = "$(BUILT_PRODUCTS_DIR)/HomeWorkLesson22_Touches.app/HomeWorkLesson22_Touches";
			};
			name = Debug;
		};
		5571E65A1EF32835004FF4A2 /* Release */ = {
			isa = XCBuildConfiguration;
			buildSettings = {
				BUNDLE_LOADER = "$(TEST_HOST)";
				DEVELOPMENT_TEAM = RGVZCD3XQT;
				INFOPLIST_FILE = HomeWorkLesson22_TouchesTests/Info.plist;
				LD_RUNPATH_SEARCH_PATHS = "$(inherited) @executable_path/Frameworks @loader_path/Frameworks";
				PRODUCT_BUNDLE_IDENTIFIER = "com.AndreyKondratenko.HomeWorkLesson22-TouchesTests";
				PRODUCT_NAME = "$(TARGET_NAME)";
				TEST_HOST = "$(BUILT_PRODUCTS_DIR)/HomeWorkLesson22_Touches.app/HomeWorkLesson22_Touches";
			};
			name = Release;
		};
		5571E65C1EF32835004FF4A2 /* Debug */ = {
			isa = XCBuildConfiguration;
			buildSettings = {
				DEVELOPMENT_TEAM = RGVZCD3XQT;
				INFOPLIST_FILE = HomeWorkLesson22_TouchesUITests/Info.plist;
				LD_RUNPATH_SEARCH_PATHS = "$(inherited) @executable_path/Frameworks @loader_path/Frameworks";
				PRODUCT_BUNDLE_IDENTIFIER = "com.AndreyKondratenko.HomeWorkLesson22-TouchesUITests";
				PRODUCT_NAME = "$(TARGET_NAME)";
				TEST_TARGET_NAME = HomeWorkLesson22_Touches;
			};
			name = Debug;
		};
		5571E65D1EF32835004FF4A2 /* Release */ = {
			isa = XCBuildConfiguration;
			buildSettings = {
				DEVELOPMENT_TEAM = RGVZCD3XQT;
				INFOPLIST_FILE = HomeWorkLesson22_TouchesUITests/Info.plist;
				LD_RUNPATH_SEARCH_PATHS = "$(inherited) @executable_path/Frameworks @loader_path/Frameworks";
				PRODUCT_BUNDLE_IDENTIFIER = "com.AndreyKondratenko.HomeWorkLesson22-TouchesUITests";
				PRODUCT_NAME = "$(TARGET_NAME)";
				TEST_TARGET_NAME = HomeWorkLesson22_Touches;
			};
			name = Release;
		};
/* End XCBuildConfiguration section */

/* Begin XCConfigurationList section */
		5571E6231EF32833004FF4A2 /* Build configuration list for PBXProject "HomeWorkLesson22_Touches" */ = {
			isa = XCConfigurationList;
			buildConfigurations = (
				5571E6531EF32835004FF4A2 /* Debug */,
				5571E6541EF32835004FF4A2 /* Release */,
			);
			defaultConfigurationIsVisible = 0;
			defaultConfigurationName = Release;
		};
		5571E6551EF32835004FF4A2 /* Build configuration list for PBXNativeTarget "HomeWorkLesson22_Touches" */ = {
			isa = XCConfigurationList;
			buildConfigurations = (
				5571E6561EF32835004FF4A2 /* Debug */,
				5571E6571EF32835004FF4A2 /* Release */,
			);
			defaultConfigurationIsVisible = 0;
			defaultConfigurationName = Release;
		};
		5571E6581EF32835004FF4A2 /* Build configuration list for PBXNativeTarget "HomeWorkLesson22_TouchesTests" */ = {
			isa = XCConfigurationList;
			buildConfigurations = (
				5571E6591EF32835004FF4A2 /* Debug */,
				5571E65A1EF32835004FF4A2 /* Release */,
			);
			defaultConfigurationIsVisible = 0;
			defaultConfigurationName = Release;
		};
		5571E65B1EF32835004FF4A2 /* Build configuration list for PBXNativeTarget "HomeWorkLesson22_TouchesUITests" */ = {
			isa = XCConfigurationList;
			buildConfigurations = (
				5571E65C1EF32835004FF4A2 /* Debug */,
				5571E65D1EF32835004FF4A2 /* Release */,
			);
			defaultConfigurationIsVisible = 0;
			defaultConfigurationName = Release;
		};
/* End XCConfigurationList section */
	};
	rootObject = 5571E6201EF32833004FF4A2 /* Project object */;
}
