
Microsoft Visual Studio Solution File, Format Version 12.00
# Visual Studio 2012
Project("{FAE04EC0-301F-11D3-BF4B-00C04F79EFBC}") = "homeWorkLesson3.3", "homeWorkLesson3\homeWorkLesson3.3.csproj", "{308FA6F7-E151-4F18-9EB0-2362F9BCB768}"
EndProject
Global
	GlobalSection(SolutionConfigurationPlatforms) = preSolution
		Debug|x86 = Debug|x86
		Release|x86 = Release|x86
	EndGlobalSection
	GlobalSection(ProjectConfigurationPlatforms) = postSolution
		{308FA6F7-E151-4F18-9EB0-2362F9BCB768}.Debug|x86.ActiveCfg = Debug|x86
		{308FA6F7-E151-4F18-9EB0-2362F9BCB768}.Debug|x86.Build.0 = Debug|x86
		{308FA6F7-E151-4F18-9EB0-2362F9BCB768}.Release|x86.ActiveCfg = Release|x86
		{308FA6F7-E151-4F18-9EB0-2362F9BCB768}.Release|x86.Build.0 = Release|x86
	EndGlobalSection
EndGlobal
